
Microsoft Visual Studio Solution File, Format Version 12.00
# Visual Studio 15
VisualStudioVersion = 15.0.27703.2042
MinimumVisualStudioVersion = 10.0.40219.1
Project("{FAE04EC0-301F-11D3-BF4B-00C04F79EFBC}") = "Block-Cipher-Modes-WPF", "Block-Cipher-Modes-WPF\Block-Cipher-Modes-WPF.csproj", "{76684514-130D-438E-A4B7-7DC214DAD702}"
EndProject
Global
	GlobalSection(SolutionConfigurationPlatforms) = preSolution
		Debug|Any CPU = Debug|Any CPU
		Release|Any CPU = Release|Any CPU
	EndGlobalSection
	GlobalSection(ProjectConfigurationPlatforms) = postSolution
		{76684514-130D-438E-A4B7-7DC214DAD702}.Debug|Any CPU.ActiveCfg = Debug|Any CPU
		{76684514-130D-438E-A4B7-7DC214DAD702}.Debug|Any CPU.Build.0 = Debug|Any CPU
		{76684514-130D-438E-A4B7-7DC214DAD702}.Release|Any CPU.ActiveCfg = Release|Any CPU
		{76684514-130D-438E-A4B7-7DC214DAD702}.Release|Any CPU.Build.0 = Release|Any CPU
	EndGlobalSection
	GlobalSection(SolutionProperties) = preSolution
		HideSolutionNode = FALSE
	EndGlobalSection
	GlobalSection(ExtensibilityGlobals) = postSolution
		SolutionGuid = {1EF376C6-F295-4488-BB26-83CD515604D8}
	EndGlobalSection
EndGlobal
